# This file is automatically @generated by Cargo.
# It is not intended for manual editing.
version = 3

[[package]]
name = "riki-capture"
version = "0.0.0"

[[package]]
name = "riki-cv"
version = "0.0.0"

[[package]]
name = "riki-ipc"
version = "0.0.0"

[[package]]
name = "riki-vision"
version = "0.0.0"
